// !$*UTF8*$!
{
	archiveVersion = 1;
	classes = {
	};
	objectVersion = 50;
	objects = {

/* Begin PBXBuildFile section */
		F00912BC26F543A400DA9C61 /* AppDelegate.swift in Sources */ = {isa = PBXBuildFile; fileRef = F00912BB26F543A400DA9C61 /* AppDelegate.swift */; };
		F00912BE26F543A400DA9C61 /* SceneDelegate.swift in Sources */ = {isa = PBXBuildFile; fileRef = F00912BD26F543A400DA9C61 /* SceneDelegate.swift */; };
		F00912C026F543A400DA9C61 /* ViewController.swift in Sources */ = {isa = PBXBuildFile; fileRef = F00912BF26F543A400DA9C61 /* ViewController.swift */; };
		F00912C326F543A400DA9C61 /* Main.storyboard in Resources */ = {isa = PBXBuildFile; fileRef = F00912C126F543A400DA9C61 /* Main.storyboard */; };
		F00912C526F543A500DA9C61 /* Assets.xcassets in Resources */ = {isa = PBXBuildFile; fileRef = F00912C426F543A500DA9C61 /* Assets.xcassets */; };
		F00912C826F543A500DA9C61 /* LaunchScreen.storyboard in Resources */ = {isa = PBXBuildFile; fileRef = F00912C626F543A500DA9C61 /* LaunchScreen.storyboard */; };
		F00B31E926F5EAE300AA49B6 /* ApiManager.swift in Sources */ = {isa = PBXBuildFile; fileRef = F00B31E826F5EAE300AA49B6 /* ApiManager.swift */; };
		F00B31ED26F5F00F00AA49B6 /* Root.swift in Sources */ = {isa = PBXBuildFile; fileRef = F00B31EC26F5F00F00AA49B6 /* Root.swift */; };
/* End PBXBuildFile section */

/* Begin PBXFileReference section */
		F00912B826F543A400DA9C61 /* Papper_app.app */ = {isa = PBXFileReference; explicitFileType = wrapper.application; includeInIndex = 0; path = Papper_app.app; sourceTree = BUILT_PRODUCTS_DIR; };
		F00912BB26F543A400DA9C61 /* AppDelegate.swift */ = {isa = PBXFileReference; lastKnownFileType = sourcecode.swift; path = AppDelegate.swift; sourceTree = "<group>"; };
		F00912BD26F543A400DA9C61 /* SceneDelegate.swift */ = {isa = PBXFileReference; lastKnownFileType = sourcecode.swift; path = SceneDelegate.swift; sourceTree = "<group>"; };
		F00912BF26F543A400DA9C61 /* ViewController.swift */ = {isa = PBXFileReference; lastKnownFileType = sourcecode.swift; path = ViewController.swift; sourceTree = "<group>"; };
		F00912C226F543A400DA9C61 /* Base */ = {isa = PBXFileReference; lastKnownFileType = file.storyboard; name = Base; path = Base.lproj/Main.storyboard; sourceTree = "<group>"; };
		F00912C426F543A500DA9C61 /* Assets.xcassets */ = {isa = PBXFileReference; lastKnownFileType = folder.assetcatalog; path = Assets.xcassets; sourceTree = "<group>"; };
		F00912C726F543A500DA9C61 /* Base */ = {isa = PBXFileReference; lastKnownFileType = file.storyboard; name = Base; path = Base.lproj/LaunchScreen.storyboard; sourceTree = "<group>"; };
		F00912C926F543A500DA9C61 /* Info.plist */ = {isa = PBXFileReference; lastKnownFileType = text.plist.xml; path = Info.plist; sourceTree = "<group>"; };
		F00B31E826F5EAE300AA49B6 /* ApiManager.swift */ = {isa = PBXFileReference; lastKnownFileType = sourcecode.swift; path = ApiManager.swift; sourceTree = "<group>"; };
		F00B31EC26F5F00F00AA49B6 /* Root.swift */ = {isa = PBXFileReference; lastKnownFileType = sourcecode.swift; path = Root.swift; sourceTree = "<group>"; };
/* End PBXFileReference section */

/* Begin PBXFrameworksBuildPhase section */
		F00912B526F543A400DA9C61 /* Frameworks */ = {
			isa = PBXFrameworksBuildPhase;
			buildActionMask = 2147483647;
			files = (
			);
			runOnlyForDeploymentPostprocessing = 0;
		};
/* End PBXFrameworksBuildPhase section */

/* Begin PBXGroup section */
		F00912AF26F543A400DA9C61 = {
			isa = PBXGroup;
			children = (
				F00912BA26F543A400DA9C61 /* Papper_app */,
				F00912B926F543A400DA9C61 /* Products */,
			);
			sourceTree = "<group>";
		};
		F00912B926F543A400DA9C61 /* Products */ = {
			isa = PBXGroup;
			children = (
				F00912B826F543A400DA9C61 /* Papper_app.app */,
			);
			name = Products;
			sourceTree = "<group>";
		};
		F00912BA26F543A400DA9C61 /* Papper_app */ = {
			isa = PBXGroup;
			children = (
				F00B31E726F5EABF00AA49B6 /* API */,
				F00912BB26F543A400DA9C61 /* AppDelegate.swift */,
				F00912BD26F543A400DA9C61 /* SceneDelegate.swift */,
				F00912BF26F543A400DA9C61 /* ViewController.swift */,
				F00912C126F543A400DA9C61 /* Main.storyboard */,
				F00912C426F543A500DA9C61 /* Assets.xcassets */,
				F00912C626F543A500DA9C61 /* LaunchScreen.storyboard */,
				F00912C926F543A500DA9C61 /* Info.plist */,
			);
			path = Papper_app;
			sourceTree = "<group>";
		};
		F00B31E726F5EABF00AA49B6 /* API */ = {
			isa = PBXGroup;
			children = (
				F00B31EB26F5EB1100AA49B6 /* Models */,
				F00B31EA26F5EAEF00AA49B6 /* Services */,
			);
			path = API;
			sourceTree = "<group>";
		};
		F00B31EA26F5EAEF00AA49B6 /* Services */ = {
			isa = PBXGroup;
			children = (
				F00B31E826F5EAE300AA49B6 /* ApiManager.swift */,
			);
			path = Services;
			sourceTree = "<group>";
		};
		F00B31EB26F5EB1100AA49B6 /* Models */ = {
			isa = PBXGroup;
			children = (
				F00B31EC26F5F00F00AA49B6 /* Root.swift */,
			);
			path = Models;
			sourceTree = "<group>";
		};
/* End PBXGroup section */

/* Begin PBXNativeTarget section */
		F00912B726F543A400DA9C61 /* Papper_app */ = {
			isa = PBXNativeTarget;
			buildConfigurationList = F00912CC26F543A500DA9C61 /* Build configuration list for PBXNativeTarget "Papper_app" */;
			buildPhases = (
				F00912B426F543A400DA9C61 /* Sources */,
				F00912B526F543A400DA9C61 /* Frameworks */,
				F00912B626F543A400DA9C61 /* Resources */,
			);
			buildRules = (
			);
			dependencies = (
			);
			name = Papper_app;
			productName = Papper_app;
			productReference = F00912B826F543A400DA9C61 /* Papper_app.app */;
			productType = "com.apple.product-type.application";
		};
/* End PBXNativeTarget section */

/* Begin PBXProject section */
		F00912B026F543A400DA9C61 /* Project object */ = {
			isa = PBXProject;
			attributes = {
				LastSwiftUpdateCheck = 1130;
				LastUpgradeCheck = 1130;
				ORGANIZATIONNAME = Cheloveknikitaa;
				TargetAttributes = {
					F00912B726F543A400DA9C61 = {
						CreatedOnToolsVersion = 11.3.1;
					};
				};
			};
			buildConfigurationList = F00912B326F543A400DA9C61 /* Build configuration list for PBXProject "Papper_app" */;
			compatibilityVersion = "Xcode 9.3";
			developmentRegion = en;
			hasScannedForEncodings = 0;
			knownRegions = (
				en,
				Base,
			);
			mainGroup = F00912AF26F543A400DA9C61;
			productRefGroup = F00912B926F543A400DA9C61 /* Products */;
			projectDirPath = "";
			projectRoot = "";
			targets = (
				F00912B726F543A400DA9C61 /* Papper_app */,
			);
		};
/* End PBXProject section */

/* Begin PBXResourcesBuildPhase section */
		F00912B626F543A400DA9C61 /* Resources */ = {
			isa = PBXResourcesBuildPhase;
			buildActionMask = 2147483647;
			files = (
				F00912C826F543A500DA9C61 /* LaunchScreen.storyboard in Resources */,
				F00912C526F543A500DA9C61 /* Assets.xcassets in Resources */,
				F00912C326F543A400DA9C61 /* Main.storyboard in Resources */,
			);
			runOnlyForDeploymentPostprocessing = 0;
		};
/* End PBXResourcesBuildPhase section */

/* Begin PBXSourcesBuildPhase section */
		F00912B426F543A400DA9C61 /* Sources */ = {
			isa = PBXSourcesBuildPhase;
			buildActionMask = 2147483647;
			files = (
				F00B31E926F5EAE300AA49B6 /* ApiManager.swift in Sources */,
				F00912C026F543A400DA9C61 /* ViewController.swift in Sources */,
				F00912BC26F543A400DA9C61 /* AppDelegate.swift in Sources */,
				F00912BE26F543A400DA9C61 /* SceneDelegate.swift in Sources */,
				F00B31ED26F5F00F00AA49B6 /* Root.swift in Sources */,
			);
			runOnlyForDeploymentPostprocessing = 0;
		};
/* End PBXSourcesBuildPhase section */

/* Begin PBXVariantGroup section */
		F00912C126F543A400DA9C61 /* Main.storyboard */ = {
			isa = PBXVariantGroup;
			children = (
				F00912C226F543A400DA9C61 /* Base */,
			);
			name = Main.storyboard;
			sourceTree = "<group>";
		};
		F00912C626F543A500DA9C61 /* LaunchScreen.storyboard */ = {
			isa = PBXVariantGroup;
			children = (
				F00912C726F543A500DA9C61 /* Base */,
			);
			name = LaunchScreen.storyboard;
			sourceTree = "<group>";
		};
/* End PBXVariantGroup section */

/* Begin XCBuildConfiguration section */
		F00912CA26F543A500DA9C61 /* Debug */ = {
			isa = XCBuildConfiguration;
			buildSettings = {
				ALWAYS_SEARCH_USER_PATHS = NO;
				CLANG_ANALYZER_NONNULL = YES;
				CLANG_ANALYZER_NUMBER_OBJECT_CONVERSION = YES_AGGRESSIVE;
				CLANG_CXX_LANGUAGE_STANDARD = "gnu++14";
				CLANG_CXX_LIBRARY = "libc++";
				CLANG_ENABLE_MODULES = YES;
				CLANG_ENABLE_OBJC_ARC = YES;
				CLANG_ENABLE_OBJC_WEAK = YES;
				CLANG_WARN_BLOCK_CAPTURE_AUTORELEASING = YES;
				CLANG_WARN_BOOL_CONVERSION = YES;
				CLANG_WARN_COMMA = YES;
				CLANG_WARN_CONSTANT_CONVERSION = YES;
				CLANG_WARN_DEPRECATED_OBJC_IMPLEMENTATIONS = YES;
				CLANG_WARN_DIRECT_OBJC_ISA_USAGE = YES_ERROR;
				CLANG_WARN_DOCUMENTATION_COMMENTS = YES;
				CLANG_WARN_EMPTY_BODY = YES;
				CLANG_WARN_ENUM_CONVERSION = YES;
				CLANG_WARN_INFINITE_RECURSION = YES;
				CLANG_WARN_INT_CONVERSION = YES;
				CLANG_WARN_NON_LITERAL_NULL_CONVERSION = YES;
				CLANG_WARN_OBJC_IMPLICIT_RETAIN_SELF = YES;
				CLANG_WARN_OBJC_LITERAL_CONVERSION = YES;
				CLANG_WARN_OBJC_ROOT_CLASS = YES_ERROR;
				CLANG_WARN_RANGE_LOOP_ANALYSIS = YES;
				CLANG_WARN_STRICT_PROTOTYPES = YES;
				CLANG_WARN_SUSPICIOUS_MOVE = YES;
				CLANG_WARN_UNGUARDED_AVAILABILITY = YES_AGGRESSIVE;
				CLANG_WARN_UNREACHABLE_CODE = YES;
				CLANG_WARN__DUPLICATE_METHOD_MATCH = YES;
				COPY_PHASE_STRIP = NO;
				DEBUG_INFORMATION_FORMAT = dwarf;
				ENABLE_STRICT_OBJC_MSGSEND = YES;
				ENABLE_TESTABILITY = YES;
				GCC_C_LANGUAGE_STANDARD = gnu11;
				GCC_DYNAMIC_NO_PIC = NO;
				GCC_NO_COMMON_BLOCKS = YES;
				GCC_OPTIMIZATION_LEVEL = 0;
				GCC_PREPROCESSOR_DEFINITIONS = (
					"DEBUG=1",
					"$(inherited)",
				);
				GCC_WARN_64_TO_32_BIT_CONVERSION = YES;
				GCC_WARN_ABOUT_RETURN_TYPE = YES_ERROR;
				GCC_WARN_UNDECLARED_SELECTOR = YES;
				GCC_WARN_UNINITIALIZED_AUTOS = YES_AGGRESSIVE;
				GCC_WARN_UNUSED_FUNCTION = YES;
				GCC_WARN_UNUSED_VARIABLE = YES;
				IPHONEOS_DEPLOYMENT_TARGET = 13.2;
				MTL_ENABLE_DEBUG_INFO = INCLUDE_SOURCE;
				MTL_FAST_MATH = YES;
				ONLY_ACTIVE_ARCH = YES;
				SDKROOT = iphoneos;
				SWIFT_ACTIVE_COMPILATION_CONDITIONS = DEBUG;
				SWIFT_OPTIMIZATION_LEVEL = "-Onone";
			};
			name = Debug;
		};
		F00912CB26F543A500DA9C61 /* Release */ = {
			isa = XCBuildConfiguration;
			buildSettings = {
				ALWAYS_SEARCH_USER_PATHS = NO;
				CLANG_ANALYZER_NONNULL = YES;
				CLANG_ANALYZER_NUMBER_OBJECT_CONVERSION = YES_AGGRESSIVE;
				CLANG_CXX_LANGUAGE_STANDARD = "gnu++14";
				CLANG_CXX_LIBRARY = "libc++";
				CLANG_ENABLE_MODULES = YES;
				CLANG_ENABLE_OBJC_ARC = YES;
				CLANG_ENABLE_OBJC_WEAK = YES;
				CLANG_WARN_BLOCK_CAPTURE_AUTORELEASING = YES;
				CLANG_WARN_BOOL_CONVERSION = YES;
				CLANG_WARN_COMMA = YES;
				CLANG_WARN_CONSTANT_CONVERSION = YES;
				CLANG_WARN_DEPRECATED_OBJC_IMPLEMENTATIONS = YES;
				CLANG_WARN_DIRECT_OBJC_ISA_USAGE = YES_ERROR;
				CLANG_WARN_DOCUMENTATION_COMMENTS = YES;
				CLANG_WARN_EMPTY_BODY = YES;
				CLANG_WARN_ENUM_CONVERSION = YES;
				CLANG_WARN_INFINITE_RECURSION = YES;
				CLANG_WARN_INT_CONVERSION = YES;
				CLANG_WARN_NON_LITERAL_NULL_CONVERSION = YES;
				CLANG_WARN_OBJC_IMPLICIT_RETAIN_SELF = YES;
				CLANG_WARN_OBJC_LITERAL_CONVERSION = YES;
				CLANG_WARN_OBJC_ROOT_CLASS = YES_ERROR;
				CLANG_WARN_RANGE_LOOP_ANALYSIS = YES;
				CLANG_WARN_STRICT_PROTOTYPES = YES;
				CLANG_WARN_SUSPICIOUS_MOVE = YES;
				CLANG_WARN_UNGUARDED_AVAILABILITY = YES_AGGRESSIVE;
				CLANG_WARN_UNREACHABLE_CODE = YES;
				CLANG_WARN__DUPLICATE_METHOD_MATCH = YES;
				COPY_PHASE_STRIP = NO;
				DEBUG_INFORMATION_FORMAT = "dwarf-with-dsym";
				ENABLE_NS_ASSERTIONS = NO;
				ENABLE_STRICT_OBJC_MSGSEND = YES;
				GCC_C_LANGUAGE_STANDARD = gnu11;
				GCC_NO_COMMON_BLOCKS = YES;
				GCC_WARN_64_TO_32_BIT_CONVERSION = YES;
				GCC_WARN_ABOUT_RETURN_TYPE = YES_ERROR;
				GCC_WARN_UNDECLARED_SELECTOR = YES;
				GCC_WARN_UNINITIALIZED_AUTOS = YES_AGGRESSIVE;
				GCC_WARN_UNUSED_FUNCTION = YES;
				GCC_WARN_UNUSED_VARIABLE = YES;
				IPHONEOS_DEPLOYMENT_TARGET = 13.2;
				MTL_ENABLE_DEBUG_INFO = NO;
				MTL_FAST_MATH = YES;
				SDKROOT = iphoneos;
				SWIFT_COMPILATION_MODE = wholemodule;
				SWIFT_OPTIMIZATION_LEVEL = "-O";
				VALIDATE_PRODUCT = YES;
			};
			name = Release;
		};
		F00912CD26F543A500DA9C61 /* Debug */ = {
			isa = XCBuildConfiguration;
			buildSettings = {
				ASSETCATALOG_COMPILER_APPICON_NAME = AppIcon;
				CODE_SIGN_STYLE = Automatic;
				INFOPLIST_FILE = Papper_app/Info.plist;
				LD_RUNPATH_SEARCH_PATHS = (
					"$(inherited)",
					"@executable_path/Frameworks",
				);
				PRODUCT_BUNDLE_IDENTIFIER = "Cheloveknikitaa.Papper-app";
				PRODUCT_NAME = "$(TARGET_NAME)";
				SWIFT_VERSION = 5.0;
				TARGETED_DEVICE_FAMILY = "1,2";
			};
			name = Debug;
		};
		F00912CE26F543A500DA9C61 /* Release */ = {
			isa = XCBuildConfiguration;
			buildSettings = {
				ASSETCATALOG_COMPILER_APPICON_NAME = AppIcon;
				CODE_SIGN_STYLE = Automatic;
				INFOPLIST_FILE = Papper_app/Info.plist;
				LD_RUNPATH_SEARCH_PATHS = (
					"$(inherited)",
					"@executable_path/Frameworks",
				);
				PRODUCT_BUNDLE_IDENTIFIER = "Cheloveknikitaa.Papper-app";
				PRODUCT_NAME = "$(TARGET_NAME)";
				SWIFT_VERSION = 5.0;
				TARGETED_DEVICE_FAMILY = "1,2";
			};
			name = Release;
		};
/* End XCBuildConfiguration section */

/* Begin XCConfigurationList section */
		F00912B326F543A400DA9C61 /* Build configuration list for PBXProject "Papper_app" */ = {
			isa = XCConfigurationList;
			buildConfigurations = (
				F00912CA26F543A500DA9C61 /* Debug */,
				F00912CB26F543A500DA9C61 /* Release */,
			);
			defaultConfigurationIsVisible = 0;
			defaultConfigurationName = Release;
		};
		F00912CC26F543A500DA9C61 /* Build configuration list for PBXNativeTarget "Papper_app" */ = {
			isa = XCConfigurationList;
			buildConfigurations = (
				F00912CD26F543A500DA9C61 /* Debug */,
				F00912CE26F543A500DA9C61 /* Release */,
			);
			defaultConfigurationIsVisible = 0;
			defaultConfigurationName = Release;
		};
/* End XCConfigurationList section */
	};
	rootObject = F00912B026F543A400DA9C61 /* Project object */;
}
